// !$*UTF8*$!
{
	archiveVersion = 1;
	classes = {
	};
	objectVersion = 77;
	objects = {

/* Begin PBXBuildFile section */
		AAC0000000000000000002 /* LoopWidgetsExtension.appex in Embed Foundation Extensions */ = {isa = PBXBuildFile; fileRef = AA20000000000000000004 /* LoopWidgetsExtension.appex */; settings = {ATTRIBUTES = (RemoveHeadersOnCopy, ); }; };
/* End PBXBuildFile section */

/* Begin PBXContainerItemProxy section */
		AA90000000000000000002 /* PBXContainerItemProxy */ = {
			isa = PBXContainerItemProxy;
			containerPortal = AAA0000000000000000001 /* Project object */;
			proxyType = 1;
			remoteGlobalIDString = AA50000000000000000001;
			remoteInfo = Loop;
		};
		AA90000000000000000004 /* PBXContainerItemProxy */ = {
			isa = PBXContainerItemProxy;
			containerPortal = AAA0000000000000000001 /* Project object */;
			proxyType = 1;
			remoteGlobalIDString = AA50000000000000000003;
			remoteInfo = LoopWidgets;
		};
/* End PBXContainerItemProxy section */

/* Begin PBXCopyFilesBuildPhase section */
		AAC0000000000000000001 /* Embed Foundation Extensions */ = {
			isa = PBXCopyFilesBuildPhase;
			buildActionMask = 2147483647;
			dstPath = "";
			dstSubfolderSpec = 13;
			files = (
				AAC0000000000000000002 /* LoopWidgetsExtension.appex in Embed Foundation Extensions */,
			);
			name = "Embed Foundation Extensions";
			runOnlyForDeploymentPostprocessing = 0;
		};
/* End PBXCopyFilesBuildPhase section */

/* Begin PBXFileReference section */
		AA20000000000000000001 /* Loop.app */ = {isa = PBXFileReference; explicitFileType = wrapper.application; includeInIndex = 0; path = Loop.app; sourceTree = BUILT_PRODUCTS_DIR; };
		AA20000000000000000002 /* LoopTests.xctest */ = {isa = PBXFileReference; explicitFileType = wrapper.cfbundle; includeInIndex = 0; path = LoopTests.xctest; sourceTree = BUILT_PRODUCTS_DIR; };
		AA20000000000000000003 /* Secrets.xcconfig */ = {isa = PBXFileReference; lastKnownFileType = text.xcconfig; path = Secrets.xcconfig; sourceTree = "<group>"; };
		AA20000000000000000004 /* LoopWidgetsExtension.appex */ = {isa = PBXFileReference; explicitFileType = "wrapper.app-extension"; includeInIndex = 0; path = LoopWidgetsExtension.appex; sourceTree = BUILT_PRODUCTS_DIR; };
/* End PBXFileReference section */

/* Begin PBXFileSystemSynchronizedRootGroup section */
		AA10000000000000000001 /* Loop */ = {
			isa = PBXFileSystemSynchronizedRootGroup;
			path = Loop;
			sourceTree = "<group>";
		};
		AA10000000000000000002 /* LoopTests */ = {
			isa = PBXFileSystemSynchronizedRootGroup;
			path = LoopTests;
			sourceTree = "<group>";
		};
		AA10000000000000000003 /* Shared */ = {
			isa = PBXFileSystemSynchronizedRootGroup;
			path = Shared;
			sourceTree = "<group>";
		};
		AA10000000000000000004 /* LoopWidgets */ = {
			isa = PBXFileSystemSynchronizedRootGroup;
			path = LoopWidgets;
			sourceTree = "<group>";
		};
/* End PBXFileSystemSynchronizedRootGroup section */

/* Begin PBXFrameworksBuildPhase section */
		AA30000000000000000001 /* Frameworks */ = {
			isa = PBXFrameworksBuildPhase;
			buildActionMask = 2147483647;
			files = (
			);
			runOnlyForDeploymentPostprocessing = 0;
		};
		AA30000000000000000002 /* Frameworks */ = {
			isa = PBXFrameworksBuildPhase;
			buildActionMask = 2147483647;
			files = (
			);
			runOnlyForDeploymentPostprocessing = 0;
		};
		AA30000000000000000003 /* Frameworks */ = {
			isa = PBXFrameworksBuildPhase;
			buildActionMask = 2147483647;
			files = (
			);
			runOnlyForDeploymentPostprocessing = 0;
		};
/* End PBXFrameworksBuildPhase section */

/* Begin PBXGroup section */
		AA40000000000000000000 = {
			isa = PBXGroup;
			children = (
				AA10000000000000000001 /* Loop */,
				AA10000000000000000003 /* Shared */,
				AA10000000000000000004 /* LoopWidgets */,
				AA10000000000000000002 /* LoopTests */,
				AA20000000000000000003 /* Secrets.xcconfig */,
				AA40000000000000000001 /* Products */,
			);
			sourceTree = "<group>";
		};
		AA40000000000000000001 /* Products */ = {
			isa = PBXGroup;
			children = (
				AA20000000000000000001 /* Loop.app */,
				AA20000000000000000002 /* LoopTests.xctest */,
				AA20000000000000000004 /* LoopWidgetsExtension.appex */,
			);
			name = Products;
			sourceTree = "<group>";
		};
/* End PBXGroup section */

/* Begin PBXNativeTarget section */
		AA50000000000000000001 /* Loop */ = {
			isa = PBXNativeTarget;
			buildConfigurationList = AA60000000000000000001 /* Build configuration list for PBXNativeTarget "Loop" */;
			buildPhases = (
				AA70000000000000000001 /* Sources */,
				AA30000000000000000001 /* Frameworks */,
				AA80000000000000000001 /* Resources */,
				AAC0000000000000000001 /* Embed Foundation Extensions */,
			);
			buildRules = (
			);
			dependencies = (
				AA90000000000000000003 /* PBXTargetDependency */,
			);
			fileSystemSynchronizedGroups = (
				AA10000000000000000001 /* Loop */,
				AA10000000000000000003 /* Shared */,
			);
			name = Loop;
			packageProductDependencies = (
			);
			productName = Loop;
			productReference = AA20000000000000000001 /* Loop.app */;
			productType = "com.apple.product-type.application";
		};
		AA50000000000000000002 /* LoopTests */ = {
			isa = PBXNativeTarget;
			buildConfigurationList = AA60000000000000000002 /* Build configuration list for PBXNativeTarget "LoopTests" */;
			buildPhases = (
				AA70000000000000000002 /* Sources */,
				AA30000000000000000002 /* Frameworks */,
				AA80000000000000000002 /* Resources */,
			);
			buildRules = (
			);
			dependencies = (
				AA90000000000000000001 /* PBXTargetDependency */,
			);
			fileSystemSynchronizedGroups = (
				AA10000000000000000002 /* LoopTests */,
			);
			name = LoopTests;
			packageProductDependencies = (
			);
			productName = LoopTests;
			productReference = AA20000000000000000002 /* LoopTests.xctest */;
			productType = "com.apple.product-type.bundle.unit-test";
		};
		AA50000000000000000003 /* LoopWidgets */ = {
			isa = PBXNativeTarget;
			buildConfigurationList = AA60000000000000000003 /* Build configuration list for PBXNativeTarget "LoopWidgets" */;
			buildPhases = (
				AA70000000000000000003 /* Sources */,
				AA30000000000000000003 /* Frameworks */,
				AA80000000000000000003 /* Resources */,
			);
			buildRules = (
			);
			dependencies = (
			);
			fileSystemSynchronizedGroups = (
				AA10000000000000000003 /* Shared */,
				AA10000000000000000004 /* LoopWidgets */,
			);
			name = LoopWidgets;
			packageProductDependencies = (
			);
			productName = LoopWidgets;
			productReference = AA20000000000000000004 /* LoopWidgetsExtension.appex */;
			productType = "com.apple.product-type.app-extension";
		};
/* End PBXNativeTarget section */

/* Begin PBXProject section */
		AAA0000000000000000001 /* Project object */ = {
			isa = PBXProject;
			attributes = {
				BuildIndependentTargetsInParallel = 1;
				LastSwiftUpdateCheck = 2660;
				LastUpgradeCheck = 2660;
				TargetAttributes = {
					AA50000000000000000001 = {
						CreatedOnToolsVersion = 26.0;
					};
					AA50000000000000000002 = {
						CreatedOnToolsVersion = 26.0;
						TestTargetID = AA50000000000000000001;
					};
				};
			};
			buildConfigurationList = AA60000000000000000000 /* Build configuration list for PBXProject "Loop" */;
			developmentRegion = en;
			hasScannedForEncodings = 0;
			knownRegions = (
				en,
				Base,
			);
			mainGroup = AA40000000000000000000;
			minimizedProjectReferenceProxies = 1;
			preferredProjectObjectVersion = 77;
			productRefGroup = AA40000000000000000001 /* Products */;
			projectDirPath = "";
			projectRoot = "";
			targets = (
				AA50000000000000000001 /* Loop */,
				AA50000000000000000002 /* LoopTests */,
				AA50000000000000000003 /* LoopWidgets */,
			);
		};
/* End PBXProject section */

/* Begin PBXResourcesBuildPhase section */
		AA80000000000000000001 /* Resources */ = {
			isa = PBXResourcesBuildPhase;
			buildActionMask = 2147483647;
			files = (
			);
			runOnlyForDeploymentPostprocessing = 0;
		};
		AA80000000000000000002 /* Resources */ = {
			isa = PBXResourcesBuildPhase;
			buildActionMask = 2147483647;
			files = (
			);
			runOnlyForDeploymentPostprocessing = 0;
		};
		AA80000000000000000003 /* Resources */ = {
			isa = PBXResourcesBuildPhase;
			buildActionMask = 2147483647;
			files = (
			);
			runOnlyForDeploymentPostprocessing = 0;
		};
/* End PBXResourcesBuildPhase section */

/* Begin PBXSourcesBuildPhase section */
		AA70000000000000000001 /* Sources */ = {
			isa = PBXSourcesBuildPhase;
			buildActionMask = 2147483647;
			files = (
			);
			runOnlyForDeploymentPostprocessing = 0;
		};
		AA70000000000000000002 /* Sources */ = {
			isa = PBXSourcesBuildPhase;
			buildActionMask = 2147483647;
			files = (
			);
			runOnlyForDeploymentPostprocessing = 0;
		};
		AA70000000000000000003 /* Sources */ = {
			isa = PBXSourcesBuildPhase;
			buildActionMask = 2147483647;
			files = (
			);
			runOnlyForDeploymentPostprocessing = 0;
		};
/* End PBXSourcesBuildPhase section */

/* Begin PBXTargetDependency section */
		AA90000000000000000001 /* PBXTargetDependency */ = {
			isa = PBXTargetDependency;
			target = AA50000000000000000001 /* Loop */;
			targetProxy = AA90000000000000000002 /* PBXContainerItemProxy */;
		};
		AA90000000000000000003 /* PBXTargetDependency */ = {
			isa = PBXTargetDependency;
			target = AA50000000000000000003 /* LoopWidgets */;
			targetProxy = AA90000000000000000004 /* PBXContainerItemProxy */;
		};
/* End PBXTargetDependency section */

/* Begin XCBuildConfiguration section */
		AAB0000000000000000001 /* Debug */ = {
			isa = XCBuildConfiguration;
			buildSettings = {
				ALWAYS_SEARCH_USER_PATHS = NO;
				ASSETCATALOG_COMPILER_GENERATE_SWIFT_ASSET_SYMBOL_EXTENSIONS = YES;
				CLANG_ANALYZER_NONNULL = YES;
				CLANG_ENABLE_MODULES = YES;
				CLANG_ENABLE_OBJC_ARC = YES;
				COPY_PHASE_STRIP = NO;
				DEBUG_INFORMATION_FORMAT = dwarf;
				ENABLE_STRICT_OBJC_MSGSEND = YES;
				ENABLE_TESTABILITY = YES;
				ENABLE_USER_SCRIPT_SANDBOXING = YES;
				GCC_C_LANGUAGE_STANDARD = gnu17;
				GCC_DYNAMIC_NO_PIC = NO;
				GCC_NO_COMMON_BLOCKS = YES;
				GCC_OPTIMIZATION_LEVEL = 0;
				GCC_PREPROCESSOR_DEFINITIONS = (
					"DEBUG=1",
					"$(inherited)",
				);
				IPHONEOS_DEPLOYMENT_TARGET = 26.0;
				MTL_ENABLE_DEBUG_INFO = INCLUDE_SOURCE;
				MTL_FAST_MATH = YES;
				ONLY_ACTIVE_ARCH = YES;
				SDKROOT = iphoneos;
				SWIFT_ACTIVE_COMPILATION_CONDITIONS = "DEBUG $(inherited)";
				SWIFT_OPTIMIZATION_LEVEL = "-Onone";
				SWIFT_VERSION = 6.0;
			};
			name = Debug;
		};
		AAB0000000000000000002 /* Release */ = {
			isa = XCBuildConfiguration;
			buildSettings = {
				ALWAYS_SEARCH_USER_PATHS = NO;
				ASSETCATALOG_COMPILER_GENERATE_SWIFT_ASSET_SYMBOL_EXTENSIONS = YES;
				CLANG_ANALYZER_NONNULL = YES;
				CLANG_ENABLE_MODULES = YES;
				CLANG_ENABLE_OBJC_ARC = YES;
				COPY_PHASE_STRIP = NO;
				DEBUG_INFORMATION_FORMAT = "dwarf-with-dsym";
				ENABLE_NS_ASSERTIONS = NO;
				ENABLE_STRICT_OBJC_MSGSEND = YES;
				ENABLE_USER_SCRIPT_SANDBOXING = YES;
				GCC_C_LANGUAGE_STANDARD = gnu17;
				GCC_NO_COMMON_BLOCKS = YES;
				IPHONEOS_DEPLOYMENT_TARGET = 26.0;
				MTL_ENABLE_DEBUG_INFO = NO;
				MTL_FAST_MATH = YES;
				SDKROOT = iphoneos;
				SWIFT_COMPILATION_MODE = wholemodule;
				SWIFT_VERSION = 6.0;
				VALIDATE_PRODUCT = YES;
			};
			name = Release;
		};
		AAB0000000000000000003 /* Debug */ = {
			isa = XCBuildConfiguration;
			baseConfigurationReference = AA20000000000000000003 /* Secrets.xcconfig */;
			buildSettings = {
				CODE_SIGN_ENTITLEMENTS = Loop.entitlements;
				CODE_SIGN_STYLE = Automatic;
				CURRENT_PROJECT_VERSION = 1;
				DEVELOPMENT_ASSET_PATHS = "";
				DEVELOPMENT_TEAM = H642L6CX2F;
				ENABLE_PREVIEWS = YES;
				GENERATE_INFOPLIST_FILE = NO;
				INFOPLIST_FILE = Info.plist;
				LD_RUNPATH_SEARCH_PATHS = (
					"$(inherited)",
					"@executable_path/Frameworks",
				);
				MARKETING_VERSION = 1.0;
				PRODUCT_BUNDLE_IDENTIFIER = com.helt.loop;
				PRODUCT_NAME = "$(TARGET_NAME)";
				SWIFT_APPROACHABLE_CONCURRENCY = YES;
				SWIFT_DEFAULT_ACTOR_ISOLATION = MainActor;
				SWIFT_EMIT_LOC_STRINGS = YES;
				SWIFT_VERSION = 6.0;
				TARGETED_DEVICE_FAMILY = 1;
			};
			name = Debug;
		};
		AAB0000000000000000004 /* Release */ = {
			isa = XCBuildConfiguration;
			baseConfigurationReference = AA20000000000000000003 /* Secrets.xcconfig */;
			buildSettings = {
				CODE_SIGN_ENTITLEMENTS = Loop.entitlements;
				CODE_SIGN_STYLE = Automatic;
				CURRENT_PROJECT_VERSION = 1;
				DEVELOPMENT_ASSET_PATHS = "";
				DEVELOPMENT_TEAM = H642L6CX2F;
				ENABLE_PREVIEWS = YES;
				GENERATE_INFOPLIST_FILE = NO;
				INFOPLIST_FILE = Info.plist;
				LD_RUNPATH_SEARCH_PATHS = (
					"$(inherited)",
					"@executable_path/Frameworks",
				);
				MARKETING_VERSION = 1.0;
				PRODUCT_BUNDLE_IDENTIFIER = com.helt.loop;
				PRODUCT_NAME = "$(TARGET_NAME)";
				SWIFT_APPROACHABLE_CONCURRENCY = YES;
				SWIFT_DEFAULT_ACTOR_ISOLATION = MainActor;
				SWIFT_EMIT_LOC_STRINGS = YES;
				SWIFT_VERSION = 6.0;
				TARGETED_DEVICE_FAMILY = 1;
			};
			name = Release;
		};
		AAB0000000000000000005 /* Debug */ = {
			isa = XCBuildConfiguration;
			buildSettings = {
				BUNDLE_LOADER = "$(TEST_HOST)";
				CODE_SIGN_STYLE = Automatic;
				CURRENT_PROJECT_VERSION = 1;
				DEVELOPMENT_TEAM = H642L6CX2F;
				GENERATE_INFOPLIST_FILE = YES;
				MARKETING_VERSION = 1.0;
				PRODUCT_BUNDLE_IDENTIFIER = com.helt.loop.tests;
				PRODUCT_NAME = "$(TARGET_NAME)";
				SWIFT_EMIT_LOC_STRINGS = NO;
				SWIFT_VERSION = 6.0;
				TARGETED_DEVICE_FAMILY = 1;
				TEST_HOST = "$(BUILT_PRODUCTS_DIR)/Loop.app/$(BUNDLE_EXECUTABLE_FOLDER_PATH)/Loop";
			};
			name = Debug;
		};
		AAB0000000000000000006 /* Release */ = {
			isa = XCBuildConfiguration;
			buildSettings = {
				BUNDLE_LOADER = "$(TEST_HOST)";
				CODE_SIGN_STYLE = Automatic;
				CURRENT_PROJECT_VERSION = 1;
				DEVELOPMENT_TEAM = H642L6CX2F;
				GENERATE_INFOPLIST_FILE = YES;
				MARKETING_VERSION = 1.0;
				PRODUCT_BUNDLE_IDENTIFIER = com.helt.loop.tests;
				PRODUCT_NAME = "$(TARGET_NAME)";
				SWIFT_EMIT_LOC_STRINGS = NO;
				SWIFT_VERSION = 6.0;
				TARGETED_DEVICE_FAMILY = 1;
				TEST_HOST = "$(BUILT_PRODUCTS_DIR)/Loop.app/$(BUNDLE_EXECUTABLE_FOLDER_PATH)/Loop";
			};
			name = Release;
		};
		AAB0000000000000000007 /* Debug */ = {
			isa = XCBuildConfiguration;
			buildSettings = {
				CODE_SIGN_STYLE = Automatic;
				CURRENT_PROJECT_VERSION = 1;
				DEVELOPMENT_TEAM = H642L6CX2F;
				GENERATE_INFOPLIST_FILE = NO;
				INFOPLIST_FILE = "LoopWidgets-Info.plist";
				LD_RUNPATH_SEARCH_PATHS = (
					"$(inherited)",
					"@executable_path/Frameworks",
					"@executable_path/../../Frameworks",
				);
				MARKETING_VERSION = 1.0;
				PRODUCT_BUNDLE_IDENTIFIER = com.helt.loop.widgets;
				PRODUCT_NAME = LoopWidgetsExtension;
				SKIP_INSTALL = YES;
				SWIFT_APPROACHABLE_CONCURRENCY = YES;
				SWIFT_DEFAULT_ACTOR_ISOLATION = MainActor;
				SWIFT_EMIT_LOC_STRINGS = YES;
				SWIFT_VERSION = 6.0;
				TARGETED_DEVICE_FAMILY = 1;
			};
			name = Debug;
		};
		AAB0000000000000000008 /* Release */ = {
			isa = XCBuildConfiguration;
			buildSettings = {
				CODE_SIGN_STYLE = Automatic;
				CURRENT_PROJECT_VERSION = 1;
				DEVELOPMENT_TEAM = H642L6CX2F;
				GENERATE_INFOPLIST_FILE = NO;
				INFOPLIST_FILE = "LoopWidgets-Info.plist";
				LD_RUNPATH_SEARCH_PATHS = (
					"$(inherited)",
					"@executable_path/Frameworks",
					"@executable_path/../../Frameworks",
				);
				MARKETING_VERSION = 1.0;
				PRODUCT_BUNDLE_IDENTIFIER = com.helt.loop.widgets;
				PRODUCT_NAME = LoopWidgetsExtension;
				SKIP_INSTALL = YES;
				SWIFT_APPROACHABLE_CONCURRENCY = YES;
				SWIFT_DEFAULT_ACTOR_ISOLATION = MainActor;
				SWIFT_EMIT_LOC_STRINGS = YES;
				SWIFT_VERSION = 6.0;
				TARGETED_DEVICE_FAMILY = 1;
			};
			name = Release;
		};
/* End XCBuildConfiguration section */

/* Begin XCConfigurationList section */
		AA60000000000000000000 /* Build configuration list for PBXProject "Loop" */ = {
			isa = XCConfigurationList;
			buildConfigurations = (
				AAB0000000000000000001 /* Debug */,
				AAB0000000000000000002 /* Release */,
			);
			defaultConfigurationIsVisible = 0;
			defaultConfigurationName = Release;
		};
		AA60000000000000000001 /* Build configuration list for PBXNativeTarget "Loop" */ = {
			isa = XCConfigurationList;
			buildConfigurations = (
				AAB0000000000000000003 /* Debug */,
				AAB0000000000000000004 /* Release */,
			);
			defaultConfigurationIsVisible = 0;
			defaultConfigurationName = Release;
		};
		AA60000000000000000002 /* Build configuration list for PBXNativeTarget "LoopTests" */ = {
			isa = XCConfigurationList;
			buildConfigurations = (
				AAB0000000000000000005 /* Debug */,
				AAB0000000000000000006 /* Release */,
			);
			defaultConfigurationIsVisible = 0;
			defaultConfigurationName = Release;
		};
		AA60000000000000000003 /* Build configuration list for PBXNativeTarget "LoopWidgets" */ = {
			isa = XCConfigurationList;
			buildConfigurations = (
				AAB0000000000000000007 /* Debug */,
				AAB0000000000000000008 /* Release */,
			);
			defaultConfigurationIsVisible = 0;
			defaultConfigurationName = Release;
		};
/* End XCConfigurationList section */
	};
	rootObject = AAA0000000000000000001 /* Project object */;
}
